
Microsoft Visual Studio Solution File, Format Version 12.00
# Visual Studio Version 17
VisualStudioVersion = 17.14.36518.9 d17.14
MinimumVisualStudioVersion = 10.0.40219.1
Project("{FAE04EC0-301F-11D3-BF4B-00C04F79EFBC}") = "LiberInkAPI", "LiberInkAPI\LiberInkAPI.csproj", "{2EFEB3BC-57AE-4A49-9E1B-DA710561D9BF}"
EndProject
Global
	GlobalSection(SolutionConfigurationPlatforms) = preSolution
		Debug|Any CPU = Debug|Any CPU
		Release|Any CPU = Release|Any CPU
	EndGlobalSection
	GlobalSection(ProjectConfigurationPlatforms) = postSolution
		{2EFEB3BC-57AE-4A49-9E1B-DA710561D9BF}.Debug|Any CPU.ActiveCfg = Debug|Any CPU
		{2EFEB3BC-57AE-4A49-9E1B-DA710561D9BF}.Debug|Any CPU.Build.0 = Debug|Any CPU
		{2EFEB3BC-57AE-4A49-9E1B-DA710561D9BF}.Release|Any CPU.ActiveCfg = Release|Any CPU
		{2EFEB3BC-57AE-4A49-9E1B-DA710561D9BF}.Release|Any CPU.Build.0 = Release|Any CPU
	EndGlobalSection
	GlobalSection(SolutionProperties) = preSolution
		HideSolutionNode = FALSE
	EndGlobalSection
	GlobalSection(ExtensibilityGlobals) = postSolution
		SolutionGuid = {518BA8EE-3994-4C57-931B-0CCC30B8719D}
	EndGlobalSection
EndGlobal
